
Microsoft Visual Studio Solution File, Format Version 12.00
# Visual Studio 14
VisualStudioVersion = 14.0.25420.1
MinimumVisualStudioVersion = 10.0.40219.1
Project("{FAE04EC0-301F-11D3-BF4B-00C04F79EFBC}") = "Heap_construction", "Heap_construction\Heap_construction.csproj", "{08F8FE62-CF77-45BF-A3B8-C7C6620EFE83}"
EndProject
Project("{FAE04EC0-301F-11D3-BF4B-00C04F79EFBC}") = "Parallel_processing", "Parallel_processing\Parallel_processing.csproj", "{03CD7F31-F2CC-48AC-8590-2A9BBDAB37E1}"
EndProject
Global
	GlobalSection(SolutionConfigurationPlatforms) = preSolution
		Debug|Any CPU = Debug|Any CPU
		Release|Any CPU = Release|Any CPU
	EndGlobalSection
	GlobalSection(ProjectConfigurationPlatforms) = postSolution
		{08F8FE62-CF77-45BF-A3B8-C7C6620EFE83}.Debug|Any CPU.ActiveCfg = Debug|Any CPU
		{08F8FE62-CF77-45BF-A3B8-C7C6620EFE83}.Debug|Any CPU.Build.0 = Debug|Any CPU
		{08F8FE62-CF77-45BF-A3B8-C7C6620EFE83}.Release|Any CPU.ActiveCfg = Release|Any CPU
		{08F8FE62-CF77-45BF-A3B8-C7C6620EFE83}.Release|Any CPU.Build.0 = Release|Any CPU
		{03CD7F31-F2CC-48AC-8590-2A9BBDAB37E1}.Debug|Any CPU.ActiveCfg = Debug|Any CPU
		{03CD7F31-F2CC-48AC-8590-2A9BBDAB37E1}.Debug|Any CPU.Build.0 = Debug|Any CPU
		{03CD7F31-F2CC-48AC-8590-2A9BBDAB37E1}.Release|Any CPU.ActiveCfg = Release|Any CPU
		{03CD7F31-F2CC-48AC-8590-2A9BBDAB37E1}.Release|Any CPU.Build.0 = Release|Any CPU
	EndGlobalSection
	GlobalSection(SolutionProperties) = preSolution
		HideSolutionNode = FALSE
	EndGlobalSection
EndGlobal
