
Microsoft Visual Studio Solution File, Format Version 12.00
# Visual Studio 14
VisualStudioVersion = 14.0.25420.1
MinimumVisualStudioVersion = 10.0.40219.1
Project("{FAE04EC0-301F-11D3-BF4B-00C04F79EFBC}") = "PhoneBook", "PhoneBook\PhoneBook.csproj", "{236E3273-F806-4DC8-A698-9A442ED0D829}"
EndProject
Project("{FAE04EC0-301F-11D3-BF4B-00C04F79EFBC}") = "HashingWithChains", "HashingWithChains\HashingWithChains.csproj", "{1EA87727-1C61-4F59-85D4-B34835127D44}"
EndProject
Project("{FAE04EC0-301F-11D3-BF4B-00C04F79EFBC}") = "Rabin-KarpAlgorithm", "Rabin-KarpAlgorithm\Rabin-KarpAlgorithm.csproj", "{A903CC11-C29D-4037-B069-8AB3E9BE88FF}"
EndProject
Global
	GlobalSection(SolutionConfigurationPlatforms) = preSolution
		Debug|Any CPU = Debug|Any CPU
		Release|Any CPU = Release|Any CPU
	EndGlobalSection
	GlobalSection(ProjectConfigurationPlatforms) = postSolution
		{236E3273-F806-4DC8-A698-9A442ED0D829}.Debug|Any CPU.ActiveCfg = Debug|Any CPU
		{236E3273-F806-4DC8-A698-9A442ED0D829}.Debug|Any CPU.Build.0 = Debug|Any CPU
		{236E3273-F806-4DC8-A698-9A442ED0D829}.Release|Any CPU.ActiveCfg = Release|Any CPU
		{236E3273-F806-4DC8-A698-9A442ED0D829}.Release|Any CPU.Build.0 = Release|Any CPU
		{1EA87727-1C61-4F59-85D4-B34835127D44}.Debug|Any CPU.ActiveCfg = Debug|Any CPU
		{1EA87727-1C61-4F59-85D4-B34835127D44}.Debug|Any CPU.Build.0 = Debug|Any CPU
		{1EA87727-1C61-4F59-85D4-B34835127D44}.Release|Any CPU.ActiveCfg = Release|Any CPU
		{1EA87727-1C61-4F59-85D4-B34835127D44}.Release|Any CPU.Build.0 = Release|Any CPU
		{A903CC11-C29D-4037-B069-8AB3E9BE88FF}.Debug|Any CPU.ActiveCfg = Debug|Any CPU
		{A903CC11-C29D-4037-B069-8AB3E9BE88FF}.Debug|Any CPU.Build.0 = Debug|Any CPU
		{A903CC11-C29D-4037-B069-8AB3E9BE88FF}.Release|Any CPU.ActiveCfg = Release|Any CPU
		{A903CC11-C29D-4037-B069-8AB3E9BE88FF}.Release|Any CPU.Build.0 = Release|Any CPU
	EndGlobalSection
	GlobalSection(SolutionProperties) = preSolution
		HideSolutionNode = FALSE
	EndGlobalSection
EndGlobal
